
Microsoft Visual Studio Solution File, Format Version 12.00
# Visual Studio Version 16
VisualStudioVersion = 16.0.34729.46
MinimumVisualStudioVersion = 10.0.40219.1
Project("{FAE04EC0-301F-11D3-BF4B-00C04F79EFBC}") = "BubbleSort", "BubbleSort\BubbleSort.csproj", "{C8146AC9-F1AA-4DF5-945B-EBC6A3731C0F}"
EndProject
Global
	GlobalSection(SolutionConfigurationPlatforms) = preSolution
		Debug|Any CPU = Debug|Any CPU
		Release|Any CPU = Release|Any CPU
	EndGlobalSection
	GlobalSection(ProjectConfigurationPlatforms) = postSolution
		{C8146AC9-F1AA-4DF5-945B-EBC6A3731C0F}.Debug|Any CPU.ActiveCfg = Debug|Any CPU
		{C8146AC9-F1AA-4DF5-945B-EBC6A3731C0F}.Debug|Any CPU.Build.0 = Debug|Any CPU
		{C8146AC9-F1AA-4DF5-945B-EBC6A3731C0F}.Release|Any CPU.ActiveCfg = Release|Any CPU
		{C8146AC9-F1AA-4DF5-945B-EBC6A3731C0F}.Release|Any CPU.Build.0 = Release|Any CPU
	EndGlobalSection
	GlobalSection(SolutionProperties) = preSolution
		HideSolutionNode = FALSE
	EndGlobalSection
	GlobalSection(ExtensibilityGlobals) = postSolution
		SolutionGuid = {2292B719-1E31-4127-A800-B436AD88385F}
	EndGlobalSection
EndGlobal
