
Microsoft Visual Studio Solution File, Format Version 12.00
# Visual Studio Version 16
VisualStudioVersion = 16.0.34729.46
MinimumVisualStudioVersion = 10.0.40219.1
Project("{FAE04EC0-301F-11D3-BF4B-00C04F79EFBC}") = "QuickSort", "QuickSort\QuickSort.csproj", "{58433931-81C0-465A-AFEB-B2A6B3526E77}"
EndProject
Global
	GlobalSection(SolutionConfigurationPlatforms) = preSolution
		Debug|Any CPU = Debug|Any CPU
		Release|Any CPU = Release|Any CPU
	EndGlobalSection
	GlobalSection(ProjectConfigurationPlatforms) = postSolution
		{58433931-81C0-465A-AFEB-B2A6B3526E77}.Debug|Any CPU.ActiveCfg = Debug|Any CPU
		{58433931-81C0-465A-AFEB-B2A6B3526E77}.Debug|Any CPU.Build.0 = Debug|Any CPU
		{58433931-81C0-465A-AFEB-B2A6B3526E77}.Release|Any CPU.ActiveCfg = Release|Any CPU
		{58433931-81C0-465A-AFEB-B2A6B3526E77}.Release|Any CPU.Build.0 = Release|Any CPU
	EndGlobalSection
	GlobalSection(SolutionProperties) = preSolution
		HideSolutionNode = FALSE
	EndGlobalSection
	GlobalSection(ExtensibilityGlobals) = postSolution
		SolutionGuid = {F6464BED-9D95-4146-9088-25E241339C04}
	EndGlobalSection
EndGlobal
